Microsoft Visual Studio Solution File, Format Version 12.00
# Visual Studio Version 17
VisualStudioVersion = 17.5.2.0
MinimumVisualStudioVersion = 10.0.40219.1
Project("{FAE04EC0-301F-11D3-BF4B-00C04F79EFBC}") = "contact-list-winforms", "contact-list-winforms.csproj", "{A96A04BB-02CF-0112-E638-730EC1D6BD3A}"
EndProject
Global
	GlobalSection(SolutionConfigurationPlatforms) = preSolution
		Debug|Any CPU = Debug|Any CPU
		Release|Any CPU = Release|Any CPU
	EndGlobalSection
	GlobalSection(ProjectConfigurationPlatforms) = postSolution
		{A96A04BB-02CF-0112-E638-730EC1D6BD3A}.Debug|Any CPU.ActiveCfg = Debug|Any CPU
		{A96A04BB-02CF-0112-E638-730EC1D6BD3A}.Debug|Any CPU.Build.0 = Debug|Any CPU
		{A96A04BB-02CF-0112-E638-730EC1D6BD3A}.Release|Any CPU.ActiveCfg = Release|Any CPU
		{A96A04BB-02CF-0112-E638-730EC1D6BD3A}.Release|Any CPU.Build.0 = Release|Any CPU
	EndGlobalSection
	GlobalSection(SolutionProperties) = preSolution
		HideSolutionNode = FALSE
	EndGlobalSection
	GlobalSection(ExtensibilityGlobals) = postSolution
		SolutionGuid = {A4BF27D2-AB5C-44A4-95B8-5498A86C8875}
	EndGlobalSection
EndGlobal
